
Microsoft Visual Studio Solution File, Format Version 12.00
# Visual Studio Version 17
VisualStudioVersion = 17.12.35506.116 d17.12
MinimumVisualStudioVersion = 10.0.40219.1
Project("{9A19103F-16F7-4668-BE54-9A1E7A4F7556}") = "DevFreela.API", "DevFreela.API\DevFreela.API.csproj", "{B146E78C-4156-4C35-9ED5-7587D6887FB1}"
EndProject
Project("{FAE04EC0-301F-11D3-BF4B-00C04F79EFBC}") = "DevFreela.Core", "DevFreela.Core\DevFreela.Core.csproj", "{A1A7215C-2F09-4EB5-BAC9-6D7F8D9C8ED0}"
EndProject
Project("{FAE04EC0-301F-11D3-BF4B-00C04F79EFBC}") = "DevFreela.Infrastructure", "DevFreela.Infrastructure\DevFreela.Infrastructure.csproj", "{211C1F47-C316-4706-95DC-3DC50D23EC4E}"
EndProject
Project("{FAE04EC0-301F-11D3-BF4B-00C04F79EFBC}") = "DevFreela.Application", "DevFreela.Application\DevFreela.Application.csproj", "{A4B58644-A55F-47E6-8D00-87DB65795961}"
EndProject
Global
	GlobalSection(SolutionConfigurationPlatforms) = preSolution
		Debug|Any CPU = Debug|Any CPU
		Release|Any CPU = Release|Any CPU
	EndGlobalSection
	GlobalSection(ProjectConfigurationPlatforms) = postSolution
		{B146E78C-4156-4C35-9ED5-7587D6887FB1}.Debug|Any CPU.ActiveCfg = Debug|Any CPU
		{B146E78C-4156-4C35-9ED5-7587D6887FB1}.Debug|Any CPU.Build.0 = Debug|Any CPU
		{B146E78C-4156-4C35-9ED5-7587D6887FB1}.Release|Any CPU.ActiveCfg = Release|Any CPU
		{B146E78C-4156-4C35-9ED5-7587D6887FB1}.Release|Any CPU.Build.0 = Release|Any CPU
		{A1A7215C-2F09-4EB5-BAC9-6D7F8D9C8ED0}.Debug|Any CPU.ActiveCfg = Debug|Any CPU
		{A1A7215C-2F09-4EB5-BAC9-6D7F8D9C8ED0}.Debug|Any CPU.Build.0 = Debug|Any CPU
		{A1A7215C-2F09-4EB5-BAC9-6D7F8D9C8ED0}.Release|Any CPU.ActiveCfg = Release|Any CPU
		{A1A7215C-2F09-4EB5-BAC9-6D7F8D9C8ED0}.Release|Any CPU.Build.0 = Release|Any CPU
		{211C1F47-C316-4706-95DC-3DC50D23EC4E}.Debug|Any CPU.ActiveCfg = Debug|Any CPU
		{211C1F47-C316-4706-95DC-3DC50D23EC4E}.Debug|Any CPU.Build.0 = Debug|Any CPU
		{211C1F47-C316-4706-95DC-3DC50D23EC4E}.Release|Any CPU.ActiveCfg = Release|Any CPU
		{211C1F47-C316-4706-95DC-3DC50D23EC4E}.Release|Any CPU.Build.0 = Release|Any CPU
		{A4B58644-A55F-47E6-8D00-87DB65795961}.Debug|Any CPU.ActiveCfg = Debug|Any CPU
		{A4B58644-A55F-47E6-8D00-87DB65795961}.Debug|Any CPU.Build.0 = Debug|Any CPU
		{A4B58644-A55F-47E6-8D00-87DB65795961}.Release|Any CPU.ActiveCfg = Release|Any CPU
		{A4B58644-A55F-47E6-8D00-87DB65795961}.Release|Any CPU.Build.0 = Release|Any CPU
	EndGlobalSection
	GlobalSection(SolutionProperties) = preSolution
		HideSolutionNode = FALSE
	EndGlobalSection
	GlobalSection(ExtensibilityGlobals) = postSolution
		SolutionGuid = {AB9E6B27-0B13-4815-873E-DA5D73EB7D23}
	EndGlobalSection
EndGlobal
